PODS:
  - CombineCocoa (0.4.1)
  - Defaults (4.2.2)
  - Nimble (13.0.0)
  - Quick (7.3.0)

DEPENDENCIES:
  - CombineCocoa
  - Defaults
  - Nimble
  - Quick

SPEC REPOS:
  trunk:
    - CombineCocoa
    - Defaults
    - Nimble
    - Quick

SPEC CHECKSUMS:
  CombineCocoa: e5210dbfb480ff251078929459ac17e750e7af1d
  Defaults: d785e56c0fb8890dc40351603f05c8e1df1bdd45
  Nimble: 97d90931cca412a23224ff29e258809f75c258f7
  Quick: d32871931c05547cb4e0bc9009d66a18b50d8558

PODFILE CHECKSUM: b410fa3d24b19ad462e599a41f4e6d83391ef4af

COCOAPODS: 1.12.1
