{
  "pins" : [
    {
      "identity" : "apisession",
      "kind" : "remoteSourceControl",
      "location" : "https://github.com/mothule/ApiSession",
      "state" : {
        "branch" : "main",
        "revision" : "a06c1d6b42bd23f83eeccde0a7b77698f9d003a5"
      }
    },
    {
      "identity" : "dicontainer",
      "kind" : "remoteSourceControl",
      "location" : "https://github.com/mothule/DIContainer",
      "state" : {
        "branch" : "main",
        "revision" : "08af502899dd8a6af230471eefc1a172abf56d33"
      }
    }
  ],
  "version" : 2
}
