// !$*UTF8*$!
{
	archiveVersion = 1;
	classes = {
	};
	objectVersion = 56;
	objects = {

/* Begin PBXBuildFile section */
		07BC6C2FA470D95A606B27D1 /* Pods_UnitTests.framework in Frameworks */ = {isa = PBXBuildFile; fileRef = 30208152F4FE732FE3E117E3 /* Pods_UnitTests.framework */; };
		1B23936D7E045DC15673F9BB /* Pods_ios_auth_flow_sample.framework in Frameworks */ = {isa = PBXBuildFile; fileRef = C7668C0B8189788E793F16F2 /* Pods_ios_auth_flow_sample.framework */; };
		543522EC2B08D9FA00A531F9 /* GeneratedMock.swift in Sources */ = {isa = PBXBuildFile; fileRef = 543522EB2B08D9FA00A531F9 /* GeneratedMock.swift */; };
		5461109F2AAAF4DF0049588A /* AppDelegate.swift in Sources */ = {isa = PBXBuildFile; fileRef = 5461109E2AAAF4DF0049588A /* AppDelegate.swift */; };
		546110A12AAAF4DF0049588A /* SceneDelegate.swift in Sources */ = {isa = PBXBuildFile; fileRef = 546110A02AAAF4DF0049588A /* SceneDelegate.swift */; };
		546110A32AAAF4DF0049588A /* RootViewController.swift in Sources */ = {isa = PBXBuildFile; fileRef = 546110A22AAAF4DF0049588A /* RootViewController.swift */; };
		546110A82AAAF4E10049588A /* Assets.xcassets in Resources */ = {isa = PBXBuildFile; fileRef = 546110A72AAAF4E10049588A /* Assets.xcassets */; };
		546110AB2AAAF4E10049588A /* LaunchScreen.storyboard in Resources */ = {isa = PBXBuildFile; fileRef = 546110A92AAAF4E10049588A /* LaunchScreen.storyboard */; };
		546110B42AAB04800049588A /* RootViewModel.swift in Sources */ = {isa = PBXBuildFile; fileRef = 546110B32AAB04800049588A /* RootViewModel.swift */; };
		546110B82AAB0E840049588A /* AuthRepositoryImpl.swift in Sources */ = {isa = PBXBuildFile; fileRef = 546110B72AAB0E840049588A /* AuthRepositoryImpl.swift */; };
		546110BB2AAB0FF20049588A /* DefaultsKeys.swift in Sources */ = {isa = PBXBuildFile; fileRef = 546110BA2AAB0FF20049588A /* DefaultsKeys.swift */; };
		546110BE2AAB14E80049588A /* ApiClient.swift in Sources */ = {isa = PBXBuildFile; fileRef = 546110BD2AAB14E80049588A /* ApiClient.swift */; };
		546110C02AAB18610049588A /* AuthValidRequest.swift in Sources */ = {isa = PBXBuildFile; fileRef = 546110BF2AAB18610049588A /* AuthValidRequest.swift */; };
		546110C32AAB2EE90049588A /* SignUpViewController.swift in Sources */ = {isa = PBXBuildFile; fileRef = 546110C22AAB2EE90049588A /* SignUpViewController.swift */; };
		546110C52AAB2EFC0049588A /* SignUpViewModel.swift in Sources */ = {isa = PBXBuildFile; fileRef = 546110C42AAB2EFC0049588A /* SignUpViewModel.swift */; };
		5490E4AB2AE43799007FFC6E /* UIView+Ext.swift in Sources */ = {isa = PBXBuildFile; fileRef = 5490E4AA2AE43799007FFC6E /* UIView+Ext.swift */; };
		5490E4AD2AE45F9B007FFC6E /* Tappable.swift in Sources */ = {isa = PBXBuildFile; fileRef = 5490E4AC2AE45F9B007FFC6E /* Tappable.swift */; };
		54B1DA602AFED1A800A5A2C3 /* SignUpViewModelSpec.swift in Sources */ = {isa = PBXBuildFile; fileRef = 54B1DA5F2AFED1A800A5A2C3 /* SignUpViewModelSpec.swift */; };
/* End PBXBuildFile section */

/* Begin PBXContainerItemProxy section */
		54B1DA572AFED08F00A5A2C3 /* PBXContainerItemProxy */ = {
			isa = PBXContainerItemProxy;
			containerPortal = 546110932AAAF4DF0049588A /* Project object */;
			proxyType = 1;
			remoteGlobalIDString = 5461109A2AAAF4DF0049588A;
			remoteInfo = "ios-auth-flow-sample";
		};
/* End PBXContainerItemProxy section */

/* Begin PBXFileReference section */
		076F028DE542072BF28190B0 /* Pods-ios-auth-flow-sample.release.xcconfig */ = {isa = PBXFileReference; includeInIndex = 1; lastKnownFileType = text.xcconfig; name = "Pods-ios-auth-flow-sample.release.xcconfig"; path = "Target Support Files/Pods-ios-auth-flow-sample/Pods-ios-auth-flow-sample.release.xcconfig"; sourceTree = "<group>"; };
		1A2F6C17C9D81C32BB106D61 /* Pods-UnitTests.debug.xcconfig */ = {isa = PBXFileReference; includeInIndex = 1; lastKnownFileType = text.xcconfig; name = "Pods-UnitTests.debug.xcconfig"; path = "Target Support Files/Pods-UnitTests/Pods-UnitTests.debug.xcconfig"; sourceTree = "<group>"; };
		1F8B14ADBA94080D3A655E53 /* Pods-ios-auth-flow-sample.debug.xcconfig */ = {isa = PBXFileReference; includeInIndex = 1; lastKnownFileType = text.xcconfig; name = "Pods-ios-auth-flow-sample.debug.xcconfig"; path = "Target Support Files/Pods-ios-auth-flow-sample/Pods-ios-auth-flow-sample.debug.xcconfig"; sourceTree = "<group>"; };
		30208152F4FE732FE3E117E3 /* Pods_UnitTests.framework */ = {isa = PBXFileReference; explicitFileType = wrapper.framework; includeInIndex = 0; path = Pods_UnitTests.framework; sourceTree = BUILT_PRODUCTS_DIR; };
		543522EB2B08D9FA00A531F9 /* GeneratedMock.swift */ = {isa = PBXFileReference; fileEncoding = 4; lastKnownFileType = sourcecode.swift; path = GeneratedMock.swift; sourceTree = "<group>"; };
		5461109B2AAAF4DF0049588A /* ios-auth-flow-sample.app */ = {isa = PBXFileReference; explicitFileType = wrapper.application; includeInIndex = 0; path = "ios-auth-flow-sample.app"; sourceTree = BUILT_PRODUCTS_DIR; };
		5461109E2AAAF4DF0049588A /* AppDelegate.swift */ = {isa = PBXFileReference; lastKnownFileType = sourcecode.swift; path = AppDelegate.swift; sourceTree = "<group>"; };
		546110A02AAAF4DF0049588A /* SceneDelegate.swift */ = {isa = PBXFileReference; lastKnownFileType = sourcecode.swift; path = SceneDelegate.swift; sourceTree = "<group>"; };
		546110A22AAAF4DF0049588A /* RootViewController.swift */ = {isa = PBXFileReference; lastKnownFileType = sourcecode.swift; path = RootViewController.swift; sourceTree = "<group>"; };
		546110A72AAAF4E10049588A /* Assets.xcassets */ = {isa = PBXFileReference; lastKnownFileType = folder.assetcatalog; path = Assets.xcassets; sourceTree = "<group>"; };
		546110AA2AAAF4E10049588A /* Base */ = {isa = PBXFileReference; lastKnownFileType = file.storyboard; name = Base; path = Base.lproj/LaunchScreen.storyboard; sourceTree = "<group>"; };
		546110AC2AAAF4E10049588A /* Info.plist */ = {isa = PBXFileReference; lastKnownFileType = text.plist.xml; path = Info.plist; sourceTree = "<group>"; };
		546110B32AAB04800049588A /* RootViewModel.swift */ = {isa = PBXFileReference; lastKnownFileType = sourcecode.swift; path = RootViewModel.swift; sourceTree = "<group>"; };
		546110B72AAB0E840049588A /* AuthRepositoryImpl.swift */ = {isa = PBXFileReference; lastKnownFileType = sourcecode.swift; path = AuthRepositoryImpl.swift; sourceTree = "<group>"; };
		546110BA2AAB0FF20049588A /* DefaultsKeys.swift */ = {isa = PBXFileReference; lastKnownFileType = sourcecode.swift; path = DefaultsKeys.swift; sourceTree = "<group>"; };
		546110BD2AAB14E80049588A /* ApiClient.swift */ = {isa = PBXFileReference; lastKnownFileType = sourcecode.swift; path = ApiClient.swift; sourceTree = "<group>"; };
		546110BF2AAB18610049588A /* AuthValidRequest.swift */ = {isa = PBXFileReference; lastKnownFileType = sourcecode.swift; path = AuthValidRequest.swift; sourceTree = "<group>"; };
		546110C22AAB2EE90049588A /* SignUpViewController.swift */ = {isa = PBXFileReference; lastKnownFileType = sourcecode.swift; path = SignUpViewController.swift; sourceTree = "<group>"; };
		546110C42AAB2EFC0049588A /* SignUpViewModel.swift */ = {isa = PBXFileReference; lastKnownFileType = sourcecode.swift; path = SignUpViewModel.swift; sourceTree = "<group>"; };
		5490E4AA2AE43799007FFC6E /* UIView+Ext.swift */ = {isa = PBXFileReference; lastKnownFileType = sourcecode.swift; path = "UIView+Ext.swift"; sourceTree = "<group>"; };
		5490E4AC2AE45F9B007FFC6E /* Tappable.swift */ = {isa = PBXFileReference; lastKnownFileType = sourcecode.swift; path = Tappable.swift; sourceTree = "<group>"; };
		54B1DA532AFED08F00A5A2C3 /* UnitTests.xctest */ = {isa = PBXFileReference; explicitFileType = wrapper.cfbundle; includeInIndex = 0; path = UnitTests.xctest; sourceTree = BUILT_PRODUCTS_DIR; };
		54B1DA5F2AFED1A800A5A2C3 /* SignUpViewModelSpec.swift */ = {isa = PBXFileReference; lastKnownFileType = sourcecode.swift; path = SignUpViewModelSpec.swift; sourceTree = "<group>"; };
		C7668C0B8189788E793F16F2 /* Pods_ios_auth_flow_sample.framework */ = {isa = PBXFileReference; explicitFileType = wrapper.framework; includeInIndex = 0; path = Pods_ios_auth_flow_sample.framework; sourceTree = BUILT_PRODUCTS_DIR; };
		DEFAF5D849CC93C44EAF6F20 /* Pods-UnitTests.release.xcconfig */ = {isa = PBXFileReference; includeInIndex = 1; lastKnownFileType = text.xcconfig; name = "Pods-UnitTests.release.xcconfig"; path = "Target Support Files/Pods-UnitTests/Pods-UnitTests.release.xcconfig"; sourceTree = "<group>"; };
/* End PBXFileReference section */

/* Begin PBXFrameworksBuildPhase section */
		546110982AAAF4DF0049588A /* Frameworks */ = {
			isa = PBXFrameworksBuildPhase;
			buildActionMask = 2147483647;
			files = (
				1B23936D7E045DC15673F9BB /* Pods_ios_auth_flow_sample.framework in Frameworks */,
			);
			runOnlyForDeploymentPostprocessing = 0;
		};
		54B1DA502AFED08F00A5A2C3 /* Frameworks */ = {
			isa = PBXFrameworksBuildPhase;
			buildActionMask = 2147483647;
			files = (
				07BC6C2FA470D95A606B27D1 /* Pods_UnitTests.framework in Frameworks */,
			);
			runOnlyForDeploymentPostprocessing = 0;
		};
/* End PBXFrameworksBuildPhase section */

/* Begin PBXGroup section */
		079E2825B12C2F513D7CC43D /* Frameworks */ = {
			isa = PBXGroup;
			children = (
				C7668C0B8189788E793F16F2 /* Pods_ios_auth_flow_sample.framework */,
				30208152F4FE732FE3E117E3 /* Pods_UnitTests.framework */,
			);
			name = Frameworks;
			sourceTree = "<group>";
		};
		543522E62B08CA4E00A531F9 /* TestHelper */ = {
			isa = PBXGroup;
			children = (
				543522EB2B08D9FA00A531F9 /* GeneratedMock.swift */,
			);
			path = TestHelper;
			sourceTree = "<group>";
		};
		546110922AAAF4DF0049588A = {
			isa = PBXGroup;
			children = (
				5461109D2AAAF4DF0049588A /* ios-auth-flow-sample */,
				54B1DA542AFED08F00A5A2C3 /* UnitTests */,
				5461109C2AAAF4DF0049588A /* Products */,
				56FD8AD029F46E41AF40B44B /* Pods */,
				079E2825B12C2F513D7CC43D /* Frameworks */,
			);
			sourceTree = "<group>";
		};
		5461109C2AAAF4DF0049588A /* Products */ = {
			isa = PBXGroup;
			children = (
				5461109B2AAAF4DF0049588A /* ios-auth-flow-sample.app */,
				54B1DA532AFED08F00A5A2C3 /* UnitTests.xctest */,
			);
			name = Products;
			sourceTree = "<group>";
		};
		5461109D2AAAF4DF0049588A /* ios-auth-flow-sample */ = {
			isa = PBXGroup;
			children = (
				546110B22AAB00020049588A /* Presentation */,
				546110B52AAB0E3F0049588A /* Data */,
				546110A72AAAF4E10049588A /* Assets.xcassets */,
				546110AC2AAAF4E10049588A /* Info.plist */,
			);
			path = "ios-auth-flow-sample";
			sourceTree = "<group>";
		};
		546110B22AAB00020049588A /* Presentation */ = {
			isa = PBXGroup;
			children = (
				5490E4A92AE4372F007FFC6E /* Library */,
				546110C12AAB2EC40049588A /* Auth */,
				5461109E2AAAF4DF0049588A /* AppDelegate.swift */,
				546110A02AAAF4DF0049588A /* SceneDelegate.swift */,
				546110A22AAAF4DF0049588A /* RootViewController.swift */,
				546110B32AAB04800049588A /* RootViewModel.swift */,
				546110A92AAAF4E10049588A /* LaunchScreen.storyboard */,
			);
			path = Presentation;
			sourceTree = "<group>";
		};
		546110B52AAB0E3F0049588A /* Data */ = {
			isa = PBXGroup;
			children = (
				546110BC2AAB14D90049588A /* ApiClient */,
				546110B92AAB0FDE0049588A /* UserDefaults */,
				546110B62AAB0E550049588A /* RepositoryImpl */,
			);
			path = Data;
			sourceTree = "<group>";
		};
		546110B62AAB0E550049588A /* RepositoryImpl */ = {
			isa = PBXGroup;
			children = (
				546110B72AAB0E840049588A /* AuthRepositoryImpl.swift */,
			);
			path = RepositoryImpl;
			sourceTree = "<group>";
		};
		546110B92AAB0FDE0049588A /* UserDefaults */ = {
			isa = PBXGroup;
			children = (
				546110BA2AAB0FF20049588A /* DefaultsKeys.swift */,
			);
			path = UserDefaults;
			sourceTree = "<group>";
		};
		546110BC2AAB14D90049588A /* ApiClient */ = {
			isa = PBXGroup;
			children = (
				546110BD2AAB14E80049588A /* ApiClient.swift */,
				546110BF2AAB18610049588A /* AuthValidRequest.swift */,
			);
			path = ApiClient;
			sourceTree = "<group>";
		};
		546110C12AAB2EC40049588A /* Auth */ = {
			isa = PBXGroup;
			children = (
				546110C22AAB2EE90049588A /* SignUpViewController.swift */,
				546110C42AAB2EFC0049588A /* SignUpViewModel.swift */,
			);
			path = Auth;
			sourceTree = "<group>";
		};
		5490E4A92AE4372F007FFC6E /* Library */ = {
			isa = PBXGroup;
			children = (
				5490E4AA2AE43799007FFC6E /* UIView+Ext.swift */,
				5490E4AC2AE45F9B007FFC6E /* Tappable.swift */,
			);
			path = Library;
			sourceTree = "<group>";
		};
		54B1DA542AFED08F00A5A2C3 /* UnitTests */ = {
			isa = PBXGroup;
			children = (
				543522E62B08CA4E00A531F9 /* TestHelper */,
				54B1DA5C2AFED11900A5A2C3 /* Presentation */,
				54B1DA5D2AFED12500A5A2C3 /* Data */,
			);
			path = UnitTests;
			sourceTree = "<group>";
		};
		54B1DA5C2AFED11900A5A2C3 /* Presentation */ = {
			isa = PBXGroup;
			children = (
				54B1DA5E2AFED14200A5A2C3 /* Auth */,
			);
			path = Presentation;
			sourceTree = "<group>";
		};
		54B1DA5D2AFED12500A5A2C3 /* Data */ = {
			isa = PBXGroup;
			children = (
			);
			path = Data;
			sourceTree = "<group>";
		};
		54B1DA5E2AFED14200A5A2C3 /* Auth */ = {
			isa = PBXGroup;
			children = (
				54B1DA5F2AFED1A800A5A2C3 /* SignUpViewModelSpec.swift */,
			);
			path = Auth;
			sourceTree = "<group>";
		};
		56FD8AD029F46E41AF40B44B /* Pods */ = {
			isa = PBXGroup;
			children = (
				1F8B14ADBA94080D3A655E53 /* Pods-ios-auth-flow-sample.debug.xcconfig */,
				076F028DE542072BF28190B0 /* Pods-ios-auth-flow-sample.release.xcconfig */,
				1A2F6C17C9D81C32BB106D61 /* Pods-UnitTests.debug.xcconfig */,
				DEFAF5D849CC93C44EAF6F20 /* Pods-UnitTests.release.xcconfig */,
			);
			path = Pods;
			sourceTree = "<group>";
		};
/* End PBXGroup section */

/* Begin PBXNativeTarget section */
		5461109A2AAAF4DF0049588A /* ios-auth-flow-sample */ = {
			isa = PBXNativeTarget;
			buildConfigurationList = 546110AF2AAAF4E10049588A /* Build configuration list for PBXNativeTarget "ios-auth-flow-sample" */;
			buildPhases = (
				23EEAB8867D38440C9E39016 /* [CP] Check Pods Manifest.lock */,
				546110972AAAF4DF0049588A /* Sources */,
				546110982AAAF4DF0049588A /* Frameworks */,
				546110992AAAF4DF0049588A /* Resources */,
				8F4FBC9E28B612984536626D /* [CP] Embed Pods Frameworks */,
				543522ED2B08DA4100A531F9 /* Run mockolo */,
			);
			buildRules = (
			);
			dependencies = (
			);
			name = "ios-auth-flow-sample";
			productName = "ios-auth-flow-sample";
			productReference = 5461109B2AAAF4DF0049588A /* ios-auth-flow-sample.app */;
			productType = "com.apple.product-type.application";
		};
		54B1DA522AFED08F00A5A2C3 /* UnitTests */ = {
			isa = PBXNativeTarget;
			buildConfigurationList = 54B1DA5B2AFED08F00A5A2C3 /* Build configuration list for PBXNativeTarget "UnitTests" */;
			buildPhases = (
				C46D28C0C5548F835178E3D9 /* [CP] Check Pods Manifest.lock */,
				54B1DA4F2AFED08F00A5A2C3 /* Sources */,
				54B1DA502AFED08F00A5A2C3 /* Frameworks */,
				54B1DA512AFED08F00A5A2C3 /* Resources */,
				0CE9A6872995D2C023F2A8E9 /* [CP] Embed Pods Frameworks */,
			);
			buildRules = (
			);
			dependencies = (
				54B1DA582AFED08F00A5A2C3 /* PBXTargetDependency */,
			);
			name = UnitTests;
			productName = UnitTests;
			productReference = 54B1DA532AFED08F00A5A2C3 /* UnitTests.xctest */;
			productType = "com.apple.product-type.bundle.unit-test";
		};
/* End PBXNativeTarget section */

/* Begin PBXProject section */
		546110932AAAF4DF0049588A /* Project object */ = {
			isa = PBXProject;
			attributes = {
				BuildIndependentTargetsInParallel = 1;
				LastSwiftUpdateCheck = 1430;
				LastUpgradeCheck = 1430;
				TargetAttributes = {
					5461109A2AAAF4DF0049588A = {
						CreatedOnToolsVersion = 14.3.1;
					};
					54B1DA522AFED08F00A5A2C3 = {
						CreatedOnToolsVersion = 14.3.1;
						TestTargetID = 5461109A2AAAF4DF0049588A;
					};
				};
			};
			buildConfigurationList = 546110962AAAF4DF0049588A /* Build configuration list for PBXProject "ios-auth-flow-sample" */;
			compatibilityVersion = "Xcode 14.0";
			developmentRegion = en;
			hasScannedForEncodings = 0;
			knownRegions = (
				en,
				Base,
			);
			mainGroup = 546110922AAAF4DF0049588A;
			productRefGroup = 5461109C2AAAF4DF0049588A /* Products */;
			projectDirPath = "";
			projectRoot = "";
			targets = (
				5461109A2AAAF4DF0049588A /* ios-auth-flow-sample */,
				54B1DA522AFED08F00A5A2C3 /* UnitTests */,
			);
		};
/* End PBXProject section */

/* Begin PBXResourcesBuildPhase section */
		546110992AAAF4DF0049588A /* Resources */ = {
			isa = PBXResourcesBuildPhase;
			buildActionMask = 2147483647;
			files = (
				546110AB2AAAF4E10049588A /* LaunchScreen.storyboard in Resources */,
				546110A82AAAF4E10049588A /* Assets.xcassets in Resources */,
			);
			runOnlyForDeploymentPostprocessing = 0;
		};
		54B1DA512AFED08F00A5A2C3 /* Resources */ = {
			isa = PBXResourcesBuildPhase;
			buildActionMask = 2147483647;
			files = (
			);
			runOnlyForDeploymentPostprocessing = 0;
		};
/* End PBXResourcesBuildPhase section */

/* Begin PBXShellScriptBuildPhase section */
		0CE9A6872995D2C023F2A8E9 /* [CP] Embed Pods Frameworks */ = {
			isa = PBXShellScriptBuildPhase;
			buildActionMask = 2147483647;
			files = (
			);
			inputFileListPaths = (
				"${PODS_ROOT}/Target Support Files/Pods-UnitTests/Pods-UnitTests-frameworks-${CONFIGURATION}-input-files.xcfilelist",
			);
			name = "[CP] Embed Pods Frameworks";
			outputFileListPaths = (
				"${PODS_ROOT}/Target Support Files/Pods-UnitTests/Pods-UnitTests-frameworks-${CONFIGURATION}-output-files.xcfilelist",
			);
			runOnlyForDeploymentPostprocessing = 0;
			shellPath = /bin/sh;
			shellScript = "\"${PODS_ROOT}/Target Support Files/Pods-UnitTests/Pods-UnitTests-frameworks.sh\"\n";
			showEnvVarsInLog = 0;
		};
		23EEAB8867D38440C9E39016 /* [CP] Check Pods Manifest.lock */ = {
			isa = PBXShellScriptBuildPhase;
			buildActionMask = 2147483647;
			files = (
			);
			inputFileListPaths = (
			);
			inputPaths = (
				"${PODS_PODFILE_DIR_PATH}/Podfile.lock",
				"${PODS_ROOT}/Manifest.lock",
			);
			name = "[CP] Check Pods Manifest.lock";
			outputFileListPaths = (
			);
			outputPaths = (
				"$(DERIVED_FILE_DIR)/Pods-ios-auth-flow-sample-checkManifestLockResult.txt",
			);
			runOnlyForDeploymentPostprocessing = 0;
			shellPath = /bin/sh;
			shellScript = "diff \"${PODS_PODFILE_DIR_PATH}/Podfile.lock\" \"${PODS_ROOT}/Manifest.lock\" > /dev/null\nif [ $? != 0 ] ; then\n    # print error to STDERR\n    echo \"error: The sandbox is not in sync with the Podfile.lock. Run 'pod install' or update your CocoaPods installation.\" >&2\n    exit 1\nfi\n# This output is used by Xcode 'outputs' to avoid re-running this script phase.\necho \"SUCCESS\" > \"${SCRIPT_OUTPUT_FILE_0}\"\n";
			showEnvVarsInLog = 0;
		};
		543522ED2B08DA4100A531F9 /* Run mockolo */ = {
			isa = PBXShellScriptBuildPhase;
			buildActionMask = 2147483647;
			files = (
			);
			inputFileListPaths = (
			);
			inputPaths = (
			);
			name = "Run mockolo";
			outputFileListPaths = (
			);
			outputPaths = (
				"$(SRCROOT)/UnitTests/TestHelper/GeneratedMock.swift",
			);
			runOnlyForDeploymentPostprocessing = 0;
			shellPath = /bin/bash;
			shellScript = "MOCK_DESTINATION=$SRCROOT/UnitTests/TestHelper/GeneratedMock.swift\nmint run uber/mockolo mockolo \\\n    --sourcedirs \"$SRCROOT/ios-auth-flow-sample\" \\\n    --destination \"$MOCK_DESTINATION\" \\\n    --testable-imports \"ios_auth_flow_sample\" \\\n    --exclude-suffixes Images \\\n    --exclude-suffixes Strings \\\n    --mock-final \\\n    --macro \"DEBUG\"\n";
		};
		8F4FBC9E28B612984536626D /* [CP] Embed Pods Frameworks */ = {
			isa = PBXShellScriptBuildPhase;
			buildActionMask = 2147483647;
			files = (
			);
			inputFileListPaths = (
				"${PODS_ROOT}/Target Support Files/Pods-ios-auth-flow-sample/Pods-ios-auth-flow-sample-frameworks-${CONFIGURATION}-input-files.xcfilelist",
			);
			name = "[CP] Embed Pods Frameworks";
			outputFileListPaths = (
				"${PODS_ROOT}/Target Support Files/Pods-ios-auth-flow-sample/Pods-ios-auth-flow-sample-frameworks-${CONFIGURATION}-output-files.xcfilelist",
			);
			runOnlyForDeploymentPostprocessing = 0;
			shellPath = /bin/sh;
			shellScript = "\"${PODS_ROOT}/Target Support Files/Pods-ios-auth-flow-sample/Pods-ios-auth-flow-sample-frameworks.sh\"\n";
			showEnvVarsInLog = 0;
		};
		C46D28C0C5548F835178E3D9 /* [CP] Check Pods Manifest.lock */ = {
			isa = PBXShellScriptBuildPhase;
			buildActionMask = 2147483647;
			files = (
			);
			inputFileListPaths = (
			);
			inputPaths = (
				"${PODS_PODFILE_DIR_PATH}/Podfile.lock",
				"${PODS_ROOT}/Manifest.lock",
			);
			name = "[CP] Check Pods Manifest.lock";
			outputFileListPaths = (
			);
			outputPaths = (
				"$(DERIVED_FILE_DIR)/Pods-UnitTests-checkManifestLockResult.txt",
			);
			runOnlyForDeploymentPostprocessing = 0;
			shellPath = /bin/sh;
			shellScript = "diff \"${PODS_PODFILE_DIR_PATH}/Podfile.lock\" \"${PODS_ROOT}/Manifest.lock\" > /dev/null\nif [ $? != 0 ] ; then\n    # print error to STDERR\n    echo \"error: The sandbox is not in sync with the Podfile.lock. Run 'pod install' or update your CocoaPods installation.\" >&2\n    exit 1\nfi\n# This output is used by Xcode 'outputs' to avoid re-running this script phase.\necho \"SUCCESS\" > \"${SCRIPT_OUTPUT_FILE_0}\"\n";
			showEnvVarsInLog = 0;
		};
/* End PBXShellScriptBuildPhase section */

/* Begin PBXSourcesBuildPhase section */
		546110972AAAF4DF0049588A /* Sources */ = {
			isa = PBXSourcesBuildPhase;
			buildActionMask = 2147483647;
			files = (
				546110BE2AAB14E80049588A /* ApiClient.swift in Sources */,
				5490E4AB2AE43799007FFC6E /* UIView+Ext.swift in Sources */,
				5490E4AD2AE45F9B007FFC6E /* Tappable.swift in Sources */,
				546110A32AAAF4DF0049588A /* RootViewController.swift in Sources */,
				546110C52AAB2EFC0049588A /* SignUpViewModel.swift in Sources */,
				546110BB2AAB0FF20049588A /* DefaultsKeys.swift in Sources */,
				546110C02AAB18610049588A /* AuthValidRequest.swift in Sources */,
				5461109F2AAAF4DF0049588A /* AppDelegate.swift in Sources */,
				546110B42AAB04800049588A /* RootViewModel.swift in Sources */,
				546110C32AAB2EE90049588A /* SignUpViewController.swift in Sources */,
				546110B82AAB0E840049588A /* AuthRepositoryImpl.swift in Sources */,
				546110A12AAAF4DF0049588A /* SceneDelegate.swift in Sources */,
			);
			runOnlyForDeploymentPostprocessing = 0;
		};
		54B1DA4F2AFED08F00A5A2C3 /* Sources */ = {
			isa = PBXSourcesBuildPhase;
			buildActionMask = 2147483647;
			files = (
				54B1DA602AFED1A800A5A2C3 /* SignUpViewModelSpec.swift in Sources */,
				543522EC2B08D9FA00A531F9 /* GeneratedMock.swift in Sources */,
			);
			runOnlyForDeploymentPostprocessing = 0;
		};
/* End PBXSourcesBuildPhase section */

/* Begin PBXTargetDependency section */
		54B1DA582AFED08F00A5A2C3 /* PBXTargetDependency */ = {
			isa = PBXTargetDependency;
			target = 5461109A2AAAF4DF0049588A /* ios-auth-flow-sample */;
			targetProxy = 54B1DA572AFED08F00A5A2C3 /* PBXContainerItemProxy */;
		};
/* End PBXTargetDependency section */

/* Begin PBXVariantGroup section */
		546110A92AAAF4E10049588A /* LaunchScreen.storyboard */ = {
			isa = PBXVariantGroup;
			children = (
				546110AA2AAAF4E10049588A /* Base */,
			);
			name = LaunchScreen.storyboard;
			sourceTree = "<group>";
		};
/* End PBXVariantGroup section */

/* Begin XCBuildConfiguration section */
		546110AD2AAAF4E10049588A /* Debug */ = {
			isa = XCBuildConfiguration;
			buildSettings = {
				ALWAYS_SEARCH_USER_PATHS = NO;
				CLANG_ANALYZER_NONNULL = YES;
				CLANG_ANALYZER_NUMBER_OBJECT_CONVERSION = YES_AGGRESSIVE;
				CLANG_CXX_LANGUAGE_STANDARD = "gnu++20";
				CLANG_ENABLE_MODULES = YES;
				CLANG_ENABLE_OBJC_ARC = YES;
				CLANG_ENABLE_OBJC_WEAK = YES;
				CLANG_WARN_BLOCK_CAPTURE_AUTORELEASING = YES;
				CLANG_WARN_BOOL_CONVERSION = YES;
				CLANG_WARN_COMMA = YES;
				CLANG_WARN_CONSTANT_CONVERSION = YES;
				CLANG_WARN_DEPRECATED_OBJC_IMPLEMENTATIONS = YES;
				CLANG_WARN_DIRECT_OBJC_ISA_USAGE = YES_ERROR;
				CLANG_WARN_DOCUMENTATION_COMMENTS = YES;
				CLANG_WARN_EMPTY_BODY = YES;
				CLANG_WARN_ENUM_CONVERSION = YES;
				CLANG_WARN_INFINITE_RECURSION = YES;
				CLANG_WARN_INT_CONVERSION = YES;
				CLANG_WARN_NON_LITERAL_NULL_CONVERSION = YES;
				CLANG_WARN_OBJC_IMPLICIT_RETAIN_SELF = YES;
				CLANG_WARN_OBJC_LITERAL_CONVERSION = YES;
				CLANG_WARN_OBJC_ROOT_CLASS = YES_ERROR;
				CLANG_WARN_QUOTED_INCLUDE_IN_FRAMEWORK_HEADER = YES;
				CLANG_WARN_RANGE_LOOP_ANALYSIS = YES;
				CLANG_WARN_STRICT_PROTOTYPES = YES;
				CLANG_WARN_SUSPICIOUS_MOVE = YES;
				CLANG_WARN_UNGUARDED_AVAILABILITY = YES_AGGRESSIVE;
				CLANG_WARN_UNREACHABLE_CODE = YES;
				CLANG_WARN__DUPLICATE_METHOD_MATCH = YES;
				COPY_PHASE_STRIP = NO;
				DEBUG_INFORMATION_FORMAT = dwarf;
				ENABLE_STRICT_OBJC_MSGSEND = YES;
				ENABLE_TESTABILITY = YES;
				GCC_C_LANGUAGE_STANDARD = gnu11;
				GCC_DYNAMIC_NO_PIC = NO;
				GCC_NO_COMMON_BLOCKS = YES;
				GCC_OPTIMIZATION_LEVEL = 0;
				GCC_PREPROCESSOR_DEFINITIONS = (
					"DEBUG=1",
					"$(inherited)",
				);
				GCC_WARN_64_TO_32_BIT_CONVERSION = YES;
				GCC_WARN_ABOUT_RETURN_TYPE = YES_ERROR;
				GCC_WARN_UNDECLARED_SELECTOR = YES;
				GCC_WARN_UNINITIALIZED_AUTOS = YES_AGGRESSIVE;
				GCC_WARN_UNUSED_FUNCTION = YES;
				GCC_WARN_UNUSED_VARIABLE = YES;
				IPHONEOS_DEPLOYMENT_TARGET = 16.4;
				MTL_ENABLE_DEBUG_INFO = INCLUDE_SOURCE;
				MTL_FAST_MATH = YES;
				ONLY_ACTIVE_ARCH = YES;
				SDKROOT = iphoneos;
				SWIFT_ACTIVE_COMPILATION_CONDITIONS = DEBUG;
				SWIFT_OPTIMIZATION_LEVEL = "-Onone";
			};
			name = Debug;
		};
		546110AE2AAAF4E10049588A /* Release */ = {
			isa = XCBuildConfiguration;
			buildSettings = {
				ALWAYS_SEARCH_USER_PATHS = NO;
				CLANG_ANALYZER_NONNULL = YES;
				CLANG_ANALYZER_NUMBER_OBJECT_CONVERSION = YES_AGGRESSIVE;
				CLANG_CXX_LANGUAGE_STANDARD = "gnu++20";
				CLANG_ENABLE_MODULES = YES;
				CLANG_ENABLE_OBJC_ARC = YES;
				CLANG_ENABLE_OBJC_WEAK = YES;
				CLANG_WARN_BLOCK_CAPTURE_AUTORELEASING = YES;
				CLANG_WARN_BOOL_CONVERSION = YES;
				CLANG_WARN_COMMA = YES;
				CLANG_WARN_CONSTANT_CONVERSION = YES;
				CLANG_WARN_DEPRECATED_OBJC_IMPLEMENTATIONS = YES;
				CLANG_WARN_DIRECT_OBJC_ISA_USAGE = YES_ERROR;
				CLANG_WARN_DOCUMENTATION_COMMENTS = YES;
				CLANG_WARN_EMPTY_BODY = YES;
				CLANG_WARN_ENUM_CONVERSION = YES;
				CLANG_WARN_INFINITE_RECURSION = YES;
				CLANG_WARN_INT_CONVERSION = YES;
				CLANG_WARN_NON_LITERAL_NULL_CONVERSION = YES;
				CLANG_WARN_OBJC_IMPLICIT_RETAIN_SELF = YES;
				CLANG_WARN_OBJC_LITERAL_CONVERSION = YES;
				CLANG_WARN_OBJC_ROOT_CLASS = YES_ERROR;
				CLANG_WARN_QUOTED_INCLUDE_IN_FRAMEWORK_HEADER = YES;
				CLANG_WARN_RANGE_LOOP_ANALYSIS = YES;
				CLANG_WARN_STRICT_PROTOTYPES = YES;
				CLANG_WARN_SUSPICIOUS_MOVE = YES;
				CLANG_WARN_UNGUARDED_AVAILABILITY = YES_AGGRESSIVE;
				CLANG_WARN_UNREACHABLE_CODE = YES;
				CLANG_WARN__DUPLICATE_METHOD_MATCH = YES;
				COPY_PHASE_STRIP = NO;
				DEBUG_INFORMATION_FORMAT = "dwarf-with-dsym";
				ENABLE_NS_ASSERTIONS = NO;
				ENABLE_STRICT_OBJC_MSGSEND = YES;
				GCC_C_LANGUAGE_STANDARD = gnu11;
				GCC_NO_COMMON_BLOCKS = YES;
				GCC_WARN_64_TO_32_BIT_CONVERSION = YES;
				GCC_WARN_ABOUT_RETURN_TYPE = YES_ERROR;
				GCC_WARN_UNDECLARED_SELECTOR = YES;
				GCC_WARN_UNINITIALIZED_AUTOS = YES_AGGRESSIVE;
				GCC_WARN_UNUSED_FUNCTION = YES;
				GCC_WARN_UNUSED_VARIABLE = YES;
				IPHONEOS_DEPLOYMENT_TARGET = 16.4;
				MTL_ENABLE_DEBUG_INFO = NO;
				MTL_FAST_MATH = YES;
				SDKROOT = iphoneos;
				SWIFT_COMPILATION_MODE = wholemodule;
				SWIFT_OPTIMIZATION_LEVEL = "-O";
				VALIDATE_PRODUCT = YES;
			};
			name = Release;
		};
		546110B02AAAF4E10049588A /* Debug */ = {
			isa = XCBuildConfiguration;
			baseConfigurationReference = 1F8B14ADBA94080D3A655E53 /* Pods-ios-auth-flow-sample.debug.xcconfig */;
			buildSettings = {
				ASSETCATALOG_COMPILER_APPICON_NAME = AppIcon;
				ASSETCATALOG_COMPILER_GLOBAL_ACCENT_COLOR_NAME = AccentColor;
				CODE_SIGN_STYLE = Automatic;
				CURRENT_PROJECT_VERSION = 1;
				DEVELOPMENT_TEAM = BAH5C4U9W7;
				GENERATE_INFOPLIST_FILE = YES;
				INFOPLIST_FILE = "ios-auth-flow-sample/Info.plist";
				INFOPLIST_KEY_UIApplicationSupportsIndirectInputEvents = YES;
				INFOPLIST_KEY_UILaunchStoryboardName = LaunchScreen.storyboard;
				INFOPLIST_KEY_UIMainStoryboardFile = "";
				INFOPLIST_KEY_UISupportedInterfaceOrientations_iPad = "UIInterfaceOrientationPortrait UIInterfaceOrientationPortraitUpsideDown UIInterfaceOrientationLandscapeLeft UIInterfaceOrientationLandscapeRight";
				INFOPLIST_KEY_UISupportedInterfaceOrientations_iPhone = "UIInterfaceOrientationPortrait UIInterfaceOrientationLandscapeLeft UIInterfaceOrientationLandscapeRight";
				LD_RUNPATH_SEARCH_PATHS = (
					"$(inherited)",
					"@executable_path/Frameworks",
				);
				MARKETING_VERSION = 1.0;
				PRODUCT_BUNDLE_IDENTIFIER = "com.mothule.ios-auth-flow-sample";
				PRODUCT_NAME = "$(TARGET_NAME)";
				SUPPORTED_PLATFORMS = "iphoneos iphonesimulator";
				SUPPORTS_MACCATALYST = NO;
				SUPPORTS_MAC_DESIGNED_FOR_IPHONE_IPAD = NO;
				SWIFT_EMIT_LOC_STRINGS = YES;
				SWIFT_VERSION = 5.0;
				TARGETED_DEVICE_FAMILY = 1;
			};
			name = Debug;
		};
		546110B12AAAF4E10049588A /* Release */ = {
			isa = XCBuildConfiguration;
			baseConfigurationReference = 076F028DE542072BF28190B0 /* Pods-ios-auth-flow-sample.release.xcconfig */;
			buildSettings = {
				ASSETCATALOG_COMPILER_APPICON_NAME = AppIcon;
				ASSETCATALOG_COMPILER_GLOBAL_ACCENT_COLOR_NAME = AccentColor;
				CODE_SIGN_STYLE = Automatic;
				CURRENT_PROJECT_VERSION = 1;
				DEVELOPMENT_TEAM = BAH5C4U9W7;
				GENERATE_INFOPLIST_FILE = YES;
				INFOPLIST_FILE = "ios-auth-flow-sample/Info.plist";
				INFOPLIST_KEY_UIApplicationSupportsIndirectInputEvents = YES;
				INFOPLIST_KEY_UILaunchStoryboardName = LaunchScreen.storyboard;
				INFOPLIST_KEY_UIMainStoryboardFile = "";
				INFOPLIST_KEY_UISupportedInterfaceOrientations_iPad = "UIInterfaceOrientationPortrait UIInterfaceOrientationPortraitUpsideDown UIInterfaceOrientationLandscapeLeft UIInterfaceOrientationLandscapeRight";
				INFOPLIST_KEY_UISupportedInterfaceOrientations_iPhone = "UIInterfaceOrientationPortrait UIInterfaceOrientationLandscapeLeft UIInterfaceOrientationLandscapeRight";
				LD_RUNPATH_SEARCH_PATHS = (
					"$(inherited)",
					"@executable_path/Frameworks",
				);
				MARKETING_VERSION = 1.0;
				PRODUCT_BUNDLE_IDENTIFIER = "com.mothule.ios-auth-flow-sample";
				PRODUCT_NAME = "$(TARGET_NAME)";
				SUPPORTED_PLATFORMS = "iphoneos iphonesimulator";
				SUPPORTS_MACCATALYST = NO;
				SUPPORTS_MAC_DESIGNED_FOR_IPHONE_IPAD = NO;
				SWIFT_EMIT_LOC_STRINGS = YES;
				SWIFT_VERSION = 5.0;
				TARGETED_DEVICE_FAMILY = 1;
			};
			name = Release;
		};
		54B1DA592AFED08F00A5A2C3 /* Debug */ = {
			isa = XCBuildConfiguration;
			baseConfigurationReference = 1A2F6C17C9D81C32BB106D61 /* Pods-UnitTests.debug.xcconfig */;
			buildSettings = {
				BUNDLE_LOADER = "$(TEST_HOST)";
				CODE_SIGN_STYLE = Automatic;
				CURRENT_PROJECT_VERSION = 1;
				DEVELOPMENT_TEAM = BAH5C4U9W7;
				GENERATE_INFOPLIST_FILE = YES;
				MARKETING_VERSION = 1.0;
				PRODUCT_BUNDLE_IDENTIFIER = com.mothule.UnitTests;
				PRODUCT_NAME = "$(TARGET_NAME)";
				SWIFT_EMIT_LOC_STRINGS = NO;
				SWIFT_VERSION = 5.0;
				TARGETED_DEVICE_FAMILY = "1,2";
				TEST_HOST = "$(BUILT_PRODUCTS_DIR)/ios-auth-flow-sample.app/$(BUNDLE_EXECUTABLE_FOLDER_PATH)/ios-auth-flow-sample";
			};
			name = Debug;
		};
		54B1DA5A2AFED08F00A5A2C3 /* Release */ = {
			isa = XCBuildConfiguration;
			baseConfigurationReference = DEFAF5D849CC93C44EAF6F20 /* Pods-UnitTests.release.xcconfig */;
			buildSettings = {
				BUNDLE_LOADER = "$(TEST_HOST)";
				CODE_SIGN_STYLE = Automatic;
				CURRENT_PROJECT_VERSION = 1;
				DEVELOPMENT_TEAM = BAH5C4U9W7;
				GENERATE_INFOPLIST_FILE = YES;
				MARKETING_VERSION = 1.0;
				PRODUCT_BUNDLE_IDENTIFIER = com.mothule.UnitTests;
				PRODUCT_NAME = "$(TARGET_NAME)";
				SWIFT_EMIT_LOC_STRINGS = NO;
				SWIFT_VERSION = 5.0;
				TARGETED_DEVICE_FAMILY = "1,2";
				TEST_HOST = "$(BUILT_PRODUCTS_DIR)/ios-auth-flow-sample.app/$(BUNDLE_EXECUTABLE_FOLDER_PATH)/ios-auth-flow-sample";
			};
			name = Release;
		};
/* End XCBuildConfiguration section */

/* Begin XCConfigurationList section */
		546110962AAAF4DF0049588A /* Build configuration list for PBXProject "ios-auth-flow-sample" */ = {
			isa = XCConfigurationList;
			buildConfigurations = (
				546110AD2AAAF4E10049588A /* Debug */,
				546110AE2AAAF4E10049588A /* Release */,
			);
			defaultConfigurationIsVisible = 0;
			defaultConfigurationName = Release;
		};
		546110AF2AAAF4E10049588A /* Build configuration list for PBXNativeTarget "ios-auth-flow-sample" */ = {
			isa = XCConfigurationList;
			buildConfigurations = (
				546110B02AAAF4E10049588A /* Debug */,
				546110B12AAAF4E10049588A /* Release */,
			);
			defaultConfigurationIsVisible = 0;
			defaultConfigurationName = Release;
		};
		54B1DA5B2AFED08F00A5A2C3 /* Build configuration list for PBXNativeTarget "UnitTests" */ = {
			isa = XCConfigurationList;
			buildConfigurations = (
				54B1DA592AFED08F00A5A2C3 /* Debug */,
				54B1DA5A2AFED08F00A5A2C3 /* Release */,
			);
			defaultConfigurationIsVisible = 0;
			defaultConfigurationName = Release;
		};
/* End XCConfigurationList section */
	};
	rootObject = 546110932AAAF4DF0049588A /* Project object */;
}
