// !$*UTF8*$!
{
	archiveVersion = 1;
	classes = {
	};
	objectVersion = 56;
	objects = {

/* Begin PBXBuildFile section */
		1B23936D7E045DC15673F9BB /* Pods_ios_auth_flow_sample.framework in Frameworks */ = {isa = PBXBuildFile; fileRef = C7668C0B8189788E793F16F2 /* Pods_ios_auth_flow_sample.framework */; };
		5461109F2AAAF4DF0049588A /* AppDelegate.swift in Sources */ = {isa = PBXBuildFile; fileRef = 5461109E2AAAF4DF0049588A /* AppDelegate.swift */; };
		546110A12AAAF4DF0049588A /* SceneDelegate.swift in Sources */ = {isa = PBXBuildFile; fileRef = 546110A02AAAF4DF0049588A /* SceneDelegate.swift */; };
		546110A32AAAF4DF0049588A /* ViewController.swift in Sources */ = {isa = PBXBuildFile; fileRef = 546110A22AAAF4DF0049588A /* ViewController.swift */; };
		546110A62AAAF4DF0049588A /* Main.storyboard in Resources */ = {isa = PBXBuildFile; fileRef = 546110A42AAAF4DF0049588A /* Main.storyboard */; };
		546110A82AAAF4E10049588A /* Assets.xcassets in Resources */ = {isa = PBXBuildFile; fileRef = 546110A72AAAF4E10049588A /* Assets.xcassets */; };
		546110AB2AAAF4E10049588A /* LaunchScreen.storyboard in Resources */ = {isa = PBXBuildFile; fileRef = 546110A92AAAF4E10049588A /* LaunchScreen.storyboard */; };
/* End PBXBuildFile section */

/* Begin PBXFileReference section */
		076F028DE542072BF28190B0 /* Pods-ios-auth-flow-sample.release.xcconfig */ = {isa = PBXFileReference; includeInIndex = 1; lastKnownFileType = text.xcconfig; name = "Pods-ios-auth-flow-sample.release.xcconfig"; path = "Target Support Files/Pods-ios-auth-flow-sample/Pods-ios-auth-flow-sample.release.xcconfig"; sourceTree = "<group>"; };
		1F8B14ADBA94080D3A655E53 /* Pods-ios-auth-flow-sample.debug.xcconfig */ = {isa = PBXFileReference; includeInIndex = 1; lastKnownFileType = text.xcconfig; name = "Pods-ios-auth-flow-sample.debug.xcconfig"; path = "Target Support Files/Pods-ios-auth-flow-sample/Pods-ios-auth-flow-sample.debug.xcconfig"; sourceTree = "<group>"; };
		5461109B2AAAF4DF0049588A /* ios-auth-flow-sample.app */ = {isa = PBXFileReference; explicitFileType = wrapper.application; includeInIndex = 0; path = "ios-auth-flow-sample.app"; sourceTree = BUILT_PRODUCTS_DIR; };
		5461109E2AAAF4DF0049588A /* AppDelegate.swift */ = {isa = PBXFileReference; lastKnownFileType = sourcecode.swift; path = AppDelegate.swift; sourceTree = "<group>"; };
		546110A02AAAF4DF0049588A /* SceneDelegate.swift */ = {isa = PBXFileReference; lastKnownFileType = sourcecode.swift; path = SceneDelegate.swift; sourceTree = "<group>"; };
		546110A22AAAF4DF0049588A /* ViewController.swift */ = {isa = PBXFileReference; lastKnownFileType = sourcecode.swift; path = ViewController.swift; sourceTree = "<group>"; };
		546110A52AAAF4DF0049588A /* Base */ = {isa = PBXFileReference; lastKnownFileType = file.storyboard; name = Base; path = Base.lproj/Main.storyboard; sourceTree = "<group>"; };
		546110A72AAAF4E10049588A /* Assets.xcassets */ = {isa = PBXFileReference; lastKnownFileType = folder.assetcatalog; path = Assets.xcassets; sourceTree = "<group>"; };
		546110AA2AAAF4E10049588A /* Base */ = {isa = PBXFileReference; lastKnownFileType = file.storyboard; name = Base; path = Base.lproj/LaunchScreen.storyboard; sourceTree = "<group>"; };
		546110AC2AAAF4E10049588A /* Info.plist */ = {isa = PBXFileReference; lastKnownFileType = text.plist.xml; path = Info.plist; sourceTree = "<group>"; };
		C7668C0B8189788E793F16F2 /* Pods_ios_auth_flow_sample.framework */ = {isa = PBXFileReference; explicitFileType = wrapper.framework; includeInIndex = 0; path = Pods_ios_auth_flow_sample.framework; sourceTree = BUILT_PRODUCTS_DIR; };
/* End PBXFileReference section */

/* Begin PBXFrameworksBuildPhase section */
		546110982AAAF4DF0049588A /* Frameworks */ = {
			isa = PBXFrameworksBuildPhase;
			buildActionMask = 2147483647;
			files = (
				1B23936D7E045DC15673F9BB /* Pods_ios_auth_flow_sample.framework in Frameworks */,
			);
			runOnlyForDeploymentPostprocessing = 0;
		};
/* End PBXFrameworksBuildPhase section */

/* Begin PBXGroup section */
		079E2825B12C2F513D7CC43D /* Frameworks */ = {
			isa = PBXGroup;
			children = (
				C7668C0B8189788E793F16F2 /* Pods_ios_auth_flow_sample.framework */,
			);
			name = Frameworks;
			sourceTree = "<group>";
		};
		546110922AAAF4DF0049588A = {
			isa = PBXGroup;
			children = (
				5461109D2AAAF4DF0049588A /* ios-auth-flow-sample */,
				5461109C2AAAF4DF0049588A /* Products */,
				56FD8AD029F46E41AF40B44B /* Pods */,
				079E2825B12C2F513D7CC43D /* Frameworks */,
			);
			sourceTree = "<group>";
		};
		5461109C2AAAF4DF0049588A /* Products */ = {
			isa = PBXGroup;
			children = (
				5461109B2AAAF4DF0049588A /* ios-auth-flow-sample.app */,
			);
			name = Products;
			sourceTree = "<group>";
		};
		5461109D2AAAF4DF0049588A /* ios-auth-flow-sample */ = {
			isa = PBXGroup;
			children = (
				5461109E2AAAF4DF0049588A /* AppDelegate.swift */,
				546110A02AAAF4DF0049588A /* SceneDelegate.swift */,
				546110A22AAAF4DF0049588A /* ViewController.swift */,
				546110A42AAAF4DF0049588A /* Main.storyboard */,
				546110A72AAAF4E10049588A /* Assets.xcassets */,
				546110A92AAAF4E10049588A /* LaunchScreen.storyboard */,
				546110AC2AAAF4E10049588A /* Info.plist */,
			);
			path = "ios-auth-flow-sample";
			sourceTree = "<group>";
		};
		56FD8AD029F46E41AF40B44B /* Pods */ = {
			isa = PBXGroup;
			children = (
				1F8B14ADBA94080D3A655E53 /* Pods-ios-auth-flow-sample.debug.xcconfig */,
				076F028DE542072BF28190B0 /* Pods-ios-auth-flow-sample.release.xcconfig */,
			);
			name = Pods;
			path = Pods;
			sourceTree = "<group>";
		};
/* End PBXGroup section */

/* Begin PBXNativeTarget section */
		5461109A2AAAF4DF0049588A /* ios-auth-flow-sample */ = {
			isa = PBXNativeTarget;
			buildConfigurationList = 546110AF2AAAF4E10049588A /* Build configuration list for PBXNativeTarget "ios-auth-flow-sample" */;
			buildPhases = (
				23EEAB8867D38440C9E39016 /* [CP] Check Pods Manifest.lock */,
				546110972AAAF4DF0049588A /* Sources */,
				546110982AAAF4DF0049588A /* Frameworks */,
				546110992AAAF4DF0049588A /* Resources */,
			);
			buildRules = (
			);
			dependencies = (
			);
			name = "ios-auth-flow-sample";
			productName = "ios-auth-flow-sample";
			productReference = 5461109B2AAAF4DF0049588A /* ios-auth-flow-sample.app */;
			productType = "com.apple.product-type.application";
		};
/* End PBXNativeTarget section */

/* Begin PBXProject section */
		546110932AAAF4DF0049588A /* Project object */ = {
			isa = PBXProject;
			attributes = {
				BuildIndependentTargetsInParallel = 1;
				LastSwiftUpdateCheck = 1430;
				LastUpgradeCheck = 1430;
				TargetAttributes = {
					5461109A2AAAF4DF0049588A = {
						CreatedOnToolsVersion = 14.3.1;
					};
				};
			};
			buildConfigurationList = 546110962AAAF4DF0049588A /* Build configuration list for PBXProject "ios-auth-flow-sample" */;
			compatibilityVersion = "Xcode 14.0";
			developmentRegion = en;
			hasScannedForEncodings = 0;
			knownRegions = (
				en,
				Base,
			);
			mainGroup = 546110922AAAF4DF0049588A;
			productRefGroup = 5461109C2AAAF4DF0049588A /* Products */;
			projectDirPath = "";
			projectRoot = "";
			targets = (
				5461109A2AAAF4DF0049588A /* ios-auth-flow-sample */,
			);
		};
/* End PBXProject section */

/* Begin PBXResourcesBuildPhase section */
		546110992AAAF4DF0049588A /* Resources */ = {
			isa = PBXResourcesBuildPhase;
			buildActionMask = 2147483647;
			files = (
				546110AB2AAAF4E10049588A /* LaunchScreen.storyboard in Resources */,
				546110A82AAAF4E10049588A /* Assets.xcassets in Resources */,
				546110A62AAAF4DF0049588A /* Main.storyboard in Resources */,
			);
			runOnlyForDeploymentPostprocessing = 0;
		};
/* End PBXResourcesBuildPhase section */

/* Begin PBXShellScriptBuildPhase section */
		23EEAB8867D38440C9E39016 /* [CP] Check Pods Manifest.lock */ = {
			isa = PBXShellScriptBuildPhase;
			buildActionMask = 2147483647;
			files = (
			);
			inputFileListPaths = (
			);
			inputPaths = (
				"${PODS_PODFILE_DIR_PATH}/Podfile.lock",
				"${PODS_ROOT}/Manifest.lock",
			);
			name = "[CP] Check Pods Manifest.lock";
			outputFileListPaths = (
			);
			outputPaths = (
				"$(DERIVED_FILE_DIR)/Pods-ios-auth-flow-sample-checkManifestLockResult.txt",
			);
			runOnlyForDeploymentPostprocessing = 0;
			shellPath = /bin/sh;
			shellScript = "diff \"${PODS_PODFILE_DIR_PATH}/Podfile.lock\" \"${PODS_ROOT}/Manifest.lock\" > /dev/null\nif [ $? != 0 ] ; then\n    # print error to STDERR\n    echo \"error: The sandbox is not in sync with the Podfile.lock. Run 'pod install' or update your CocoaPods installation.\" >&2\n    exit 1\nfi\n# This output is used by Xcode 'outputs' to avoid re-running this script phase.\necho \"SUCCESS\" > \"${SCRIPT_OUTPUT_FILE_0}\"\n";
			showEnvVarsInLog = 0;
		};
/* End PBXShellScriptBuildPhase section */

/* Begin PBXSourcesBuildPhase section */
		546110972AAAF4DF0049588A /* Sources */ = {
			isa = PBXSourcesBuildPhase;
			buildActionMask = 2147483647;
			files = (
				546110A32AAAF4DF0049588A /* ViewController.swift in Sources */,
				5461109F2AAAF4DF0049588A /* AppDelegate.swift in Sources */,
				546110A12AAAF4DF0049588A /* SceneDelegate.swift in Sources */,
			);
			runOnlyForDeploymentPostprocessing = 0;
		};
/* End PBXSourcesBuildPhase section */

/* Begin PBXVariantGroup section */
		546110A42AAAF4DF0049588A /* Main.storyboard */ = {
			isa = PBXVariantGroup;
			children = (
				546110A52AAAF4DF0049588A /* Base */,
			);
			name = Main.storyboard;
			sourceTree = "<group>";
		};
		546110A92AAAF4E10049588A /* LaunchScreen.storyboard */ = {
			isa = PBXVariantGroup;
			children = (
				546110AA2AAAF4E10049588A /* Base */,
			);
			name = LaunchScreen.storyboard;
			sourceTree = "<group>";
		};
/* End PBXVariantGroup section */

/* Begin XCBuildConfiguration section */
		546110AD2AAAF4E10049588A /* Debug */ = {
			isa = XCBuildConfiguration;
			buildSettings = {
				ALWAYS_SEARCH_USER_PATHS = NO;
				CLANG_ANALYZER_NONNULL = YES;
				CLANG_ANALYZER_NUMBER_OBJECT_CONVERSION = YES_AGGRESSIVE;
				CLANG_CXX_LANGUAGE_STANDARD = "gnu++20";
				CLANG_ENABLE_MODULES = YES;
				CLANG_ENABLE_OBJC_ARC = YES;
				CLANG_ENABLE_OBJC_WEAK = YES;
				CLANG_WARN_BLOCK_CAPTURE_AUTORELEASING = YES;
				CLANG_WARN_BOOL_CONVERSION = YES;
				CLANG_WARN_COMMA = YES;
				CLANG_WARN_CONSTANT_CONVERSION = YES;
				CLANG_WARN_DEPRECATED_OBJC_IMPLEMENTATIONS = YES;
				CLANG_WARN_DIRECT_OBJC_ISA_USAGE = YES_ERROR;
				CLANG_WARN_DOCUMENTATION_COMMENTS = YES;
				CLANG_WARN_EMPTY_BODY = YES;
				CLANG_WARN_ENUM_CONVERSION = YES;
				CLANG_WARN_INFINITE_RECURSION = YES;
				CLANG_WARN_INT_CONVERSION = YES;
				CLANG_WARN_NON_LITERAL_NULL_CONVERSION = YES;
				CLANG_WARN_OBJC_IMPLICIT_RETAIN_SELF = YES;
				CLANG_WARN_OBJC_LITERAL_CONVERSION = YES;
				CLANG_WARN_OBJC_ROOT_CLASS = YES_ERROR;
				CLANG_WARN_QUOTED_INCLUDE_IN_FRAMEWORK_HEADER = YES;
				CLANG_WARN_RANGE_LOOP_ANALYSIS = YES;
				CLANG_WARN_STRICT_PROTOTYPES = YES;
				CLANG_WARN_SUSPICIOUS_MOVE = YES;
				CLANG_WARN_UNGUARDED_AVAILABILITY = YES_AGGRESSIVE;
				CLANG_WARN_UNREACHABLE_CODE = YES;
				CLANG_WARN__DUPLICATE_METHOD_MATCH = YES;
				COPY_PHASE_STRIP = NO;
				DEBUG_INFORMATION_FORMAT = dwarf;
				ENABLE_STRICT_OBJC_MSGSEND = YES;
				ENABLE_TESTABILITY = YES;
				GCC_C_LANGUAGE_STANDARD = gnu11;
				GCC_DYNAMIC_NO_PIC = NO;
				GCC_NO_COMMON_BLOCKS = YES;
				GCC_OPTIMIZATION_LEVEL = 0;
				GCC_PREPROCESSOR_DEFINITIONS = (
					"DEBUG=1",
					"$(inherited)",
				);
				GCC_WARN_64_TO_32_BIT_CONVERSION = YES;
				GCC_WARN_ABOUT_RETURN_TYPE = YES_ERROR;
				GCC_WARN_UNDECLARED_SELECTOR = YES;
				GCC_WARN_UNINITIALIZED_AUTOS = YES_AGGRESSIVE;
				GCC_WARN_UNUSED_FUNCTION = YES;
				GCC_WARN_UNUSED_VARIABLE = YES;
				IPHONEOS_DEPLOYMENT_TARGET = 16.4;
				MTL_ENABLE_DEBUG_INFO = INCLUDE_SOURCE;
				MTL_FAST_MATH = YES;
				ONLY_ACTIVE_ARCH = YES;
				SDKROOT = iphoneos;
				SWIFT_ACTIVE_COMPILATION_CONDITIONS = DEBUG;
				SWIFT_OPTIMIZATION_LEVEL = "-Onone";
			};
			name = Debug;
		};
		546110AE2AAAF4E10049588A /* Release */ = {
			isa = XCBuildConfiguration;
			buildSettings = {
				ALWAYS_SEARCH_USER_PATHS = NO;
				CLANG_ANALYZER_NONNULL = YES;
				CLANG_ANALYZER_NUMBER_OBJECT_CONVERSION = YES_AGGRESSIVE;
				CLANG_CXX_LANGUAGE_STANDARD = "gnu++20";
				CLANG_ENABLE_MODULES = YES;
				CLANG_ENABLE_OBJC_ARC = YES;
				CLANG_ENABLE_OBJC_WEAK = YES;
				CLANG_WARN_BLOCK_CAPTURE_AUTORELEASING = YES;
				CLANG_WARN_BOOL_CONVERSION = YES;
				CLANG_WARN_COMMA = YES;
				CLANG_WARN_CONSTANT_CONVERSION = YES;
				CLANG_WARN_DEPRECATED_OBJC_IMPLEMENTATIONS = YES;
				CLANG_WARN_DIRECT_OBJC_ISA_USAGE = YES_ERROR;
				CLANG_WARN_DOCUMENTATION_COMMENTS = YES;
				CLANG_WARN_EMPTY_BODY = YES;
				CLANG_WARN_ENUM_CONVERSION = YES;
				CLANG_WARN_INFINITE_RECURSION = YES;
				CLANG_WARN_INT_CONVERSION = YES;
				CLANG_WARN_NON_LITERAL_NULL_CONVERSION = YES;
				CLANG_WARN_OBJC_IMPLICIT_RETAIN_SELF = YES;
				CLANG_WARN_OBJC_LITERAL_CONVERSION = YES;
				CLANG_WARN_OBJC_ROOT_CLASS = YES_ERROR;
				CLANG_WARN_QUOTED_INCLUDE_IN_FRAMEWORK_HEADER = YES;
				CLANG_WARN_RANGE_LOOP_ANALYSIS = YES;
				CLANG_WARN_STRICT_PROTOTYPES = YES;
				CLANG_WARN_SUSPICIOUS_MOVE = YES;
				CLANG_WARN_UNGUARDED_AVAILABILITY = YES_AGGRESSIVE;
				CLANG_WARN_UNREACHABLE_CODE = YES;
				CLANG_WARN__DUPLICATE_METHOD_MATCH = YES;
				COPY_PHASE_STRIP = NO;
				DEBUG_INFORMATION_FORMAT = "dwarf-with-dsym";
				ENABLE_NS_ASSERTIONS = NO;
				ENABLE_STRICT_OBJC_MSGSEND = YES;
				GCC_C_LANGUAGE_STANDARD = gnu11;
				GCC_NO_COMMON_BLOCKS = YES;
				GCC_WARN_64_TO_32_BIT_CONVERSION = YES;
				GCC_WARN_ABOUT_RETURN_TYPE = YES_ERROR;
				GCC_WARN_UNDECLARED_SELECTOR = YES;
				GCC_WARN_UNINITIALIZED_AUTOS = YES_AGGRESSIVE;
				GCC_WARN_UNUSED_FUNCTION = YES;
				GCC_WARN_UNUSED_VARIABLE = YES;
				IPHONEOS_DEPLOYMENT_TARGET = 16.4;
				MTL_ENABLE_DEBUG_INFO = NO;
				MTL_FAST_MATH = YES;
				SDKROOT = iphoneos;
				SWIFT_COMPILATION_MODE = wholemodule;
				SWIFT_OPTIMIZATION_LEVEL = "-O";
				VALIDATE_PRODUCT = YES;
			};
			name = Release;
		};
		546110B02AAAF4E10049588A /* Debug */ = {
			isa = XCBuildConfiguration;
			baseConfigurationReference = 1F8B14ADBA94080D3A655E53 /* Pods-ios-auth-flow-sample.debug.xcconfig */;
			buildSettings = {
				ASSETCATALOG_COMPILER_APPICON_NAME = AppIcon;
				ASSETCATALOG_COMPILER_GLOBAL_ACCENT_COLOR_NAME = AccentColor;
				CODE_SIGN_STYLE = Automatic;
				CURRENT_PROJECT_VERSION = 1;
				DEVELOPMENT_TEAM = BAH5C4U9W7;
				GENERATE_INFOPLIST_FILE = YES;
				INFOPLIST_FILE = "ios-auth-flow-sample/Info.plist";
				INFOPLIST_KEY_UIApplicationSupportsIndirectInputEvents = YES;
				INFOPLIST_KEY_UILaunchStoryboardName = LaunchScreen;
				INFOPLIST_KEY_UIMainStoryboardFile = Main;
				INFOPLIST_KEY_UISupportedInterfaceOrientations_iPad = "UIInterfaceOrientationPortrait UIInterfaceOrientationPortraitUpsideDown UIInterfaceOrientationLandscapeLeft UIInterfaceOrientationLandscapeRight";
				INFOPLIST_KEY_UISupportedInterfaceOrientations_iPhone = "UIInterfaceOrientationPortrait UIInterfaceOrientationLandscapeLeft UIInterfaceOrientationLandscapeRight";
				LD_RUNPATH_SEARCH_PATHS = (
					"$(inherited)",
					"@executable_path/Frameworks",
				);
				MARKETING_VERSION = 1.0;
				PRODUCT_BUNDLE_IDENTIFIER = "com.mothule.ios-auth-flow-sample";
				PRODUCT_NAME = "$(TARGET_NAME)";
				SWIFT_EMIT_LOC_STRINGS = YES;
				SWIFT_VERSION = 5.0;
				TARGETED_DEVICE_FAMILY = "1,2";
			};
			name = Debug;
		};
		546110B12AAAF4E10049588A /* Release */ = {
			isa = XCBuildConfiguration;
			baseConfigurationReference = 076F028DE542072BF28190B0 /* Pods-ios-auth-flow-sample.release.xcconfig */;
			buildSettings = {
				ASSETCATALOG_COMPILER_APPICON_NAME = AppIcon;
				ASSETCATALOG_COMPILER_GLOBAL_ACCENT_COLOR_NAME = AccentColor;
				CODE_SIGN_STYLE = Automatic;
				CURRENT_PROJECT_VERSION = 1;
				DEVELOPMENT_TEAM = BAH5C4U9W7;
				GENERATE_INFOPLIST_FILE = YES;
				INFOPLIST_FILE = "ios-auth-flow-sample/Info.plist";
				INFOPLIST_KEY_UIApplicationSupportsIndirectInputEvents = YES;
				INFOPLIST_KEY_UILaunchStoryboardName = LaunchScreen;
				INFOPLIST_KEY_UIMainStoryboardFile = Main;
				INFOPLIST_KEY_UISupportedInterfaceOrientations_iPad = "UIInterfaceOrientationPortrait UIInterfaceOrientationPortraitUpsideDown UIInterfaceOrientationLandscapeLeft UIInterfaceOrientationLandscapeRight";
				INFOPLIST_KEY_UISupportedInterfaceOrientations_iPhone = "UIInterfaceOrientationPortrait UIInterfaceOrientationLandscapeLeft UIInterfaceOrientationLandscapeRight";
				LD_RUNPATH_SEARCH_PATHS = (
					"$(inherited)",
					"@executable_path/Frameworks",
				);
				MARKETING_VERSION = 1.0;
				PRODUCT_BUNDLE_IDENTIFIER = "com.mothule.ios-auth-flow-sample";
				PRODUCT_NAME = "$(TARGET_NAME)";
				SWIFT_EMIT_LOC_STRINGS = YES;
				SWIFT_VERSION = 5.0;
				TARGETED_DEVICE_FAMILY = "1,2";
			};
			name = Release;
		};
/* End XCBuildConfiguration section */

/* Begin XCConfigurationList section */
		546110962AAAF4DF0049588A /* Build configuration list for PBXProject "ios-auth-flow-sample" */ = {
			isa = XCConfigurationList;
			buildConfigurations = (
				546110AD2AAAF4E10049588A /* Debug */,
				546110AE2AAAF4E10049588A /* Release */,
			);
			defaultConfigurationIsVisible = 0;
			defaultConfigurationName = Release;
		};
		546110AF2AAAF4E10049588A /* Build configuration list for PBXNativeTarget "ios-auth-flow-sample" */ = {
			isa = XCConfigurationList;
			buildConfigurations = (
				546110B02AAAF4E10049588A /* Debug */,
				546110B12AAAF4E10049588A /* Release */,
			);
			defaultConfigurationIsVisible = 0;
			defaultConfigurationName = Release;
		};
/* End XCConfigurationList section */
	};
	rootObject = 546110932AAAF4DF0049588A /* Project object */;
}
